// !$*UTF8*$!
{
	archiveVersion = 1;
	classes = {
	};
	objectVersion = 55;
	objects = {

/* Begin PBXBuildFile section */
		495B9B00283AFB640018DAB8 /* AppDelegate.swift in Sources */ = {isa = PBXBuildFile; fileRef = 495B9AFF283AFB640018DAB8 /* AppDelegate.swift */; };
		495B9B02283AFB640018DAB8 /* SceneDelegate.swift in Sources */ = {isa = PBXBuildFile; fileRef = 495B9B01283AFB640018DAB8 /* SceneDelegate.swift */; };
		495B9B04283AFB640018DAB8 /* ViewController.swift in Sources */ = {isa = PBXBuildFile; fileRef = 495B9B03283AFB640018DAB8 /* ViewController.swift */; };
		495B9B09283AFB640018DAB8 /* Assets.xcassets in Resources */ = {isa = PBXBuildFile; fileRef = 495B9B08283AFB640018DAB8 /* Assets.xcassets */; };
		495B9B0C283AFB640018DAB8 /* LaunchScreen.storyboard in Resources */ = {isa = PBXBuildFile; fileRef = 495B9B0A283AFB640018DAB8 /* LaunchScreen.storyboard */; };
		495B9B21283AFB640018DAB8 /* ClausiusSwiftUITests.swift in Sources */ = {isa = PBXBuildFile; fileRef = 495B9B20283AFB640018DAB8 /* ClausiusSwiftUITests.swift */; };
		495B9B23283AFB640018DAB8 /* ClausiusSwiftUITestsLaunchTests.swift in Sources */ = {isa = PBXBuildFile; fileRef = 495B9B22283AFB640018DAB8 /* ClausiusSwiftUITestsLaunchTests.swift */; };
		495B9B34283B1FED0018DAB8 /* ThermodynamicCalculator.swift in Sources */ = {isa = PBXBuildFile; fileRef = 495B9B33283B1FED0018DAB8 /* ThermodynamicCalculator.swift */; };
		495B9B36283B20900018DAB8 /* PlotPoint.swift in Sources */ = {isa = PBXBuildFile; fileRef = 495B9B35283B20900018DAB8 /* PlotPoint.swift */; };
		495B9B39283C15880018DAB8 /* SaturatedRegionLineConstants.swift in Sources */ = {isa = PBXBuildFile; fileRef = 495B9B38283C15870018DAB8 /* SaturatedRegionLineConstants.swift */; };
		495B9B3B283C16540018DAB8 /* SaturatedRegionLine.swift in Sources */ = {isa = PBXBuildFile; fileRef = 495B9B3A283C16540018DAB8 /* SaturatedRegionLine.swift */; };
		495B9B3E283C18820018DAB8 /* Interpolator.swift in Sources */ = {isa = PBXBuildFile; fileRef = 495B9B3D283C18820018DAB8 /* Interpolator.swift */; };
		495B9B40283C1E620018DAB8 /* SaturatedRegionLineTests.swift in Sources */ = {isa = PBXBuildFile; fileRef = 495B9B3F283C1E620018DAB8 /* SaturatedRegionLineTests.swift */; };
		495B9B43283C21C60018DAB8 /* SuperheatedRegionCalculator.swift in Sources */ = {isa = PBXBuildFile; fileRef = 495B9B42283C21C60018DAB8 /* SuperheatedRegionCalculator.swift */; };
		495B9B45283C21D20018DAB8 /* SuperheatedRegionCalculatorConstants.swift in Sources */ = {isa = PBXBuildFile; fileRef = 495B9B44283C21D20018DAB8 /* SuperheatedRegionCalculatorConstants.swift */; };
		495B9B47283C23460018DAB8 /* SuperheatedRegionCalculatorTests.swift in Sources */ = {isa = PBXBuildFile; fileRef = 495B9B46283C23460018DAB8 /* SuperheatedRegionCalculatorTests.swift */; };
		498B06E9283DB99700D33E52 /* H2OWagnerPruss.swift in Sources */ = {isa = PBXBuildFile; fileRef = 498B06E8283DB99700D33E52 /* H2OWagnerPruss.swift */; };
		498B06EB283DB9BD00D33E52 /* H2OWagnerPrussConstants.swift in Sources */ = {isa = PBXBuildFile; fileRef = 498B06EA283DB9BD00D33E52 /* H2OWagnerPrussConstants.swift */; };
/* End PBXBuildFile section */

/* Begin PBXContainerItemProxy section */
		495B9B13283AFB640018DAB8 /* PBXContainerItemProxy */ = {
			isa = PBXContainerItemProxy;
			containerPortal = 495B9AF4283AFB640018DAB8 /* Project object */;
			proxyType = 1;
			remoteGlobalIDString = 495B9AFB283AFB640018DAB8;
			remoteInfo = ClausiusSwift;
		};
		495B9B1D283AFB640018DAB8 /* PBXContainerItemProxy */ = {
			isa = PBXContainerItemProxy;
			containerPortal = 495B9AF4283AFB640018DAB8 /* Project object */;
			proxyType = 1;
			remoteGlobalIDString = 495B9AFB283AFB640018DAB8;
			remoteInfo = ClausiusSwift;
		};
/* End PBXContainerItemProxy section */

/* Begin PBXFileReference section */
		495B9AFC283AFB640018DAB8 /* ClausiusSwift.app */ = {isa = PBXFileReference; explicitFileType = wrapper.application; includeInIndex = 0; path = ClausiusSwift.app; sourceTree = BUILT_PRODUCTS_DIR; };
		495B9AFF283AFB640018DAB8 /* AppDelegate.swift */ = {isa = PBXFileReference; lastKnownFileType = sourcecode.swift; path = AppDelegate.swift; sourceTree = "<group>"; };
		495B9B01283AFB640018DAB8 /* SceneDelegate.swift */ = {isa = PBXFileReference; lastKnownFileType = sourcecode.swift; path = SceneDelegate.swift; sourceTree = "<group>"; };
		495B9B03283AFB640018DAB8 /* ViewController.swift */ = {isa = PBXFileReference; lastKnownFileType = sourcecode.swift; path = ViewController.swift; sourceTree = "<group>"; };
		495B9B08283AFB640018DAB8 /* Assets.xcassets */ = {isa = PBXFileReference; lastKnownFileType = folder.assetcatalog; path = Assets.xcassets; sourceTree = "<group>"; };
		495B9B0B283AFB640018DAB8 /* Base */ = {isa = PBXFileReference; lastKnownFileType = file.storyboard; name = Base; path = Base.lproj/LaunchScreen.storyboard; sourceTree = "<group>"; };
		495B9B0D283AFB640018DAB8 /* Info.plist */ = {isa = PBXFileReference; lastKnownFileType = text.plist.xml; path = Info.plist; sourceTree = "<group>"; };
		495B9B12283AFB640018DAB8 /* ClausiusSwiftTests.xctest */ = {isa = PBXFileReference; explicitFileType = wrapper.cfbundle; includeInIndex = 0; path = ClausiusSwiftTests.xctest; sourceTree = BUILT_PRODUCTS_DIR; };
		495B9B1C283AFB640018DAB8 /* ClausiusSwiftUITests.xctest */ = {isa = PBXFileReference; explicitFileType = wrapper.cfbundle; includeInIndex = 0; path = ClausiusSwiftUITests.xctest; sourceTree = BUILT_PRODUCTS_DIR; };
		495B9B20283AFB640018DAB8 /* ClausiusSwiftUITests.swift */ = {isa = PBXFileReference; lastKnownFileType = sourcecode.swift; path = ClausiusSwiftUITests.swift; sourceTree = "<group>"; };
		495B9B22283AFB640018DAB8 /* ClausiusSwiftUITestsLaunchTests.swift */ = {isa = PBXFileReference; lastKnownFileType = sourcecode.swift; path = ClausiusSwiftUITestsLaunchTests.swift; sourceTree = "<group>"; };
		495B9B2F283AFB6A0018DAB8 /* ClausiusSwift.entitlements */ = {isa = PBXFileReference; lastKnownFileType = text.plist.entitlements; path = ClausiusSwift.entitlements; sourceTree = "<group>"; };
		495B9B33283B1FED0018DAB8 /* ThermodynamicCalculator.swift */ = {isa = PBXFileReference; lastKnownFileType = sourcecode.swift; path = ThermodynamicCalculator.swift; sourceTree = "<group>"; };
		495B9B35283B20900018DAB8 /* PlotPoint.swift */ = {isa = PBXFileReference; lastKnownFileType = sourcecode.swift; path = PlotPoint.swift; sourceTree = "<group>"; };
		495B9B38283C15870018DAB8 /* SaturatedRegionLineConstants.swift */ = {isa = PBXFileReference; lastKnownFileType = sourcecode.swift; path = SaturatedRegionLineConstants.swift; sourceTree = "<group>"; };
		495B9B3A283C16540018DAB8 /* SaturatedRegionLine.swift */ = {isa = PBXFileReference; lastKnownFileType = sourcecode.swift; path = SaturatedRegionLine.swift; sourceTree = "<group>"; };
		495B9B3D283C18820018DAB8 /* Interpolator.swift */ = {isa = PBXFileReference; lastKnownFileType = sourcecode.swift; path = Interpolator.swift; sourceTree = "<group>"; };
		495B9B3F283C1E620018DAB8 /* SaturatedRegionLineTests.swift */ = {isa = PBXFileReference; lastKnownFileType = sourcecode.swift; path = SaturatedRegionLineTests.swift; sourceTree = "<group>"; };
		495B9B42283C21C60018DAB8 /* SuperheatedRegionCalculator.swift */ = {isa = PBXFileReference; lastKnownFileType = sourcecode.swift; path = SuperheatedRegionCalculator.swift; sourceTree = "<group>"; };
		495B9B44283C21D20018DAB8 /* SuperheatedRegionCalculatorConstants.swift */ = {isa = PBXFileReference; lastKnownFileType = sourcecode.swift; path = SuperheatedRegionCalculatorConstants.swift; sourceTree = "<group>"; };
		495B9B46283C23460018DAB8 /* SuperheatedRegionCalculatorTests.swift */ = {isa = PBXFileReference; lastKnownFileType = sourcecode.swift; path = SuperheatedRegionCalculatorTests.swift; sourceTree = "<group>"; };
		498B06E8283DB99700D33E52 /* H2OWagnerPruss.swift */ = {isa = PBXFileReference; lastKnownFileType = sourcecode.swift; path = H2OWagnerPruss.swift; sourceTree = "<group>"; };
		498B06EA283DB9BD00D33E52 /* H2OWagnerPrussConstants.swift */ = {isa = PBXFileReference; lastKnownFileType = sourcecode.swift; path = H2OWagnerPrussConstants.swift; sourceTree = "<group>"; };
/* End PBXFileReference section */

/* Begin PBXFrameworksBuildPhase section */
		495B9AF9283AFB640018DAB8 /* Frameworks */ = {
			isa = PBXFrameworksBuildPhase;
			buildActionMask = 2147483647;
			files = (
			);
			runOnlyForDeploymentPostprocessing = 0;
		};
		495B9B0F283AFB640018DAB8 /* Frameworks */ = {
			isa = PBXFrameworksBuildPhase;
			buildActionMask = 2147483647;
			files = (
			);
			runOnlyForDeploymentPostprocessing = 0;
		};
		495B9B19283AFB640018DAB8 /* Frameworks */ = {
			isa = PBXFrameworksBuildPhase;
			buildActionMask = 2147483647;
			files = (
			);
			runOnlyForDeploymentPostprocessing = 0;
		};
/* End PBXFrameworksBuildPhase section */

/* Begin PBXGroup section */
		495B9AF3283AFB640018DAB8 = {
			isa = PBXGroup;
			children = (
				495B9AFE283AFB640018DAB8 /* ClausiusSwift */,
				495B9B15283AFB640018DAB8 /* ClausiusSwiftTests */,
				495B9B1F283AFB640018DAB8 /* ClausiusSwiftUITests */,
				495B9AFD283AFB640018DAB8 /* Products */,
			);
			sourceTree = "<group>";
		};
		495B9AFD283AFB640018DAB8 /* Products */ = {
			isa = PBXGroup;
			children = (
				495B9AFC283AFB640018DAB8 /* ClausiusSwift.app */,
				495B9B12283AFB640018DAB8 /* ClausiusSwiftTests.xctest */,
				495B9B1C283AFB640018DAB8 /* ClausiusSwiftUITests.xctest */,
			);
			name = Products;
			sourceTree = "<group>";
		};
		495B9AFE283AFB640018DAB8 /* ClausiusSwift */ = {
			isa = PBXGroup;
			children = (
				495B9B2F283AFB6A0018DAB8 /* ClausiusSwift.entitlements */,
				495B9AFF283AFB640018DAB8 /* AppDelegate.swift */,
				495B9B01283AFB640018DAB8 /* SceneDelegate.swift */,
				495B9B31283AFC100018DAB8 /* Controller */,
				495B9B32283AFDC40018DAB8 /* Model */,
				495B9B08283AFB640018DAB8 /* Assets.xcassets */,
				495B9B0A283AFB640018DAB8 /* LaunchScreen.storyboard */,
				495B9B0D283AFB640018DAB8 /* Info.plist */,
			);
			path = ClausiusSwift;
			sourceTree = "<group>";
		};
		495B9B15283AFB640018DAB8 /* ClausiusSwiftTests */ = {
			isa = PBXGroup;
			children = (
				495B9B3F283C1E620018DAB8 /* SaturatedRegionLineTests.swift */,
				495B9B46283C23460018DAB8 /* SuperheatedRegionCalculatorTests.swift */,
			);
			path = ClausiusSwiftTests;
			sourceTree = "<group>";
		};
		495B9B1F283AFB640018DAB8 /* ClausiusSwiftUITests */ = {
			isa = PBXGroup;
			children = (
				495B9B20283AFB640018DAB8 /* ClausiusSwiftUITests.swift */,
				495B9B22283AFB640018DAB8 /* ClausiusSwiftUITestsLaunchTests.swift */,
			);
			path = ClausiusSwiftUITests;
			sourceTree = "<group>";
		};
		495B9B31283AFC100018DAB8 /* Controller */ = {
			isa = PBXGroup;
			children = (
				495B9B03283AFB640018DAB8 /* ViewController.swift */,
			);
			path = Controller;
			sourceTree = "<group>";
		};
		495B9B32283AFDC40018DAB8 /* Model */ = {
			isa = PBXGroup;
			children = (
				498B06E7283DB96D00D33E52 /* H2OWagnerPruss */,
				495B9B37283C156F0018DAB8 /* SaturatedRegionLine */,
				495B9B41283C21A60018DAB8 /* SuperheatedRegionCalculator */,
				495B9B3C283C18770018DAB8 /* Utilities */,
				495B9B33283B1FED0018DAB8 /* ThermodynamicCalculator.swift */,
				495B9B35283B20900018DAB8 /* PlotPoint.swift */,
			);
			path = Model;
			sourceTree = "<group>";
		};
		495B9B37283C156F0018DAB8 /* SaturatedRegionLine */ = {
			isa = PBXGroup;
			children = (
				495B9B38283C15870018DAB8 /* SaturatedRegionLineConstants.swift */,
				495B9B3A283C16540018DAB8 /* SaturatedRegionLine.swift */,
			);
			path = SaturatedRegionLine;
			sourceTree = "<group>";
		};
		495B9B3C283C18770018DAB8 /* Utilities */ = {
			isa = PBXGroup;
			children = (
				495B9B3D283C18820018DAB8 /* Interpolator.swift */,
			);
			path = Utilities;
			sourceTree = "<group>";
		};
		495B9B41283C21A60018DAB8 /* SuperheatedRegionCalculator */ = {
			isa = PBXGroup;
			children = (
				495B9B44283C21D20018DAB8 /* SuperheatedRegionCalculatorConstants.swift */,
				495B9B42283C21C60018DAB8 /* SuperheatedRegionCalculator.swift */,
			);
			path = SuperheatedRegionCalculator;
			sourceTree = "<group>";
		};
		498B06E7283DB96D00D33E52 /* H2OWagnerPruss */ = {
			isa = PBXGroup;
			children = (
				498B06E8283DB99700D33E52 /* H2OWagnerPruss.swift */,
				498B06EA283DB9BD00D33E52 /* H2OWagnerPrussConstants.swift */,
			);
			path = H2OWagnerPruss;
			sourceTree = "<group>";
		};
/* End PBXGroup section */

/* Begin PBXNativeTarget section */
		495B9AFB283AFB640018DAB8 /* ClausiusSwift */ = {
			isa = PBXNativeTarget;
			buildConfigurationList = 495B9B26283AFB640018DAB8 /* Build configuration list for PBXNativeTarget "ClausiusSwift" */;
			buildPhases = (
				495B9AF8283AFB640018DAB8 /* Sources */,
				495B9AF9283AFB640018DAB8 /* Frameworks */,
				495B9AFA283AFB640018DAB8 /* Resources */,
			);
			buildRules = (
			);
			dependencies = (
			);
			name = ClausiusSwift;
			productName = ClausiusSwift;
			productReference = 495B9AFC283AFB640018DAB8 /* ClausiusSwift.app */;
			productType = "com.apple.product-type.application";
		};
		495B9B11283AFB640018DAB8 /* ClausiusSwiftTests */ = {
			isa = PBXNativeTarget;
			buildConfigurationList = 495B9B29283AFB640018DAB8 /* Build configuration list for PBXNativeTarget "ClausiusSwiftTests" */;
			buildPhases = (
				495B9B0E283AFB640018DAB8 /* Sources */,
				495B9B0F283AFB640018DAB8 /* Frameworks */,
				495B9B10283AFB640018DAB8 /* Resources */,
			);
			buildRules = (
			);
			dependencies = (
				495B9B14283AFB640018DAB8 /* PBXTargetDependency */,
			);
			name = ClausiusSwiftTests;
			productName = ClausiusSwiftTests;
			productReference = 495B9B12283AFB640018DAB8 /* ClausiusSwiftTests.xctest */;
			productType = "com.apple.product-type.bundle.unit-test";
		};
		495B9B1B283AFB640018DAB8 /* ClausiusSwiftUITests */ = {
			isa = PBXNativeTarget;
			buildConfigurationList = 495B9B2C283AFB640018DAB8 /* Build configuration list for PBXNativeTarget "ClausiusSwiftUITests" */;
			buildPhases = (
				495B9B18283AFB640018DAB8 /* Sources */,
				495B9B19283AFB640018DAB8 /* Frameworks */,
				495B9B1A283AFB640018DAB8 /* Resources */,
			);
			buildRules = (
			);
			dependencies = (
				495B9B1E283AFB640018DAB8 /* PBXTargetDependency */,
			);
			name = ClausiusSwiftUITests;
			productName = ClausiusSwiftUITests;
			productReference = 495B9B1C283AFB640018DAB8 /* ClausiusSwiftUITests.xctest */;
			productType = "com.apple.product-type.bundle.ui-testing";
		};
/* End PBXNativeTarget section */

/* Begin PBXProject section */
		495B9AF4283AFB640018DAB8 /* Project object */ = {
			isa = PBXProject;
			attributes = {
				BuildIndependentTargetsInParallel = 1;
				LastSwiftUpdateCheck = 1330;
				LastUpgradeCheck = 1330;
				TargetAttributes = {
					495B9AFB283AFB640018DAB8 = {
						CreatedOnToolsVersion = 13.3;
					};
					495B9B11283AFB640018DAB8 = {
						CreatedOnToolsVersion = 13.3;
						TestTargetID = 495B9AFB283AFB640018DAB8;
					};
					495B9B1B283AFB640018DAB8 = {
						CreatedOnToolsVersion = 13.3;
						TestTargetID = 495B9AFB283AFB640018DAB8;
					};
				};
			};
			buildConfigurationList = 495B9AF7283AFB640018DAB8 /* Build configuration list for PBXProject "ClausiusSwift" */;
			compatibilityVersion = "Xcode 13.0";
			developmentRegion = en;
			hasScannedForEncodings = 0;
			knownRegions = (
				en,
				Base,
			);
			mainGroup = 495B9AF3283AFB640018DAB8;
			productRefGroup = 495B9AFD283AFB640018DAB8 /* Products */;
			projectDirPath = "";
			projectRoot = "";
			targets = (
				495B9AFB283AFB640018DAB8 /* ClausiusSwift */,
				495B9B11283AFB640018DAB8 /* ClausiusSwiftTests */,
				495B9B1B283AFB640018DAB8 /* ClausiusSwiftUITests */,
			);
		};
/* End PBXProject section */

/* Begin PBXResourcesBuildPhase section */
		495B9AFA283AFB640018DAB8 /* Resources */ = {
			isa = PBXResourcesBuildPhase;
			buildActionMask = 2147483647;
			files = (
				495B9B0C283AFB640018DAB8 /* LaunchScreen.storyboard in Resources */,
				495B9B09283AFB640018DAB8 /* Assets.xcassets in Resources */,
			);
			runOnlyForDeploymentPostprocessing = 0;
		};
		495B9B10283AFB640018DAB8 /* Resources */ = {
			isa = PBXResourcesBuildPhase;
			buildActionMask = 2147483647;
			files = (
			);
			runOnlyForDeploymentPostprocessing = 0;
		};
		495B9B1A283AFB640018DAB8 /* Resources */ = {
			isa = PBXResourcesBuildPhase;
			buildActionMask = 2147483647;
			files = (
			);
			runOnlyForDeploymentPostprocessing = 0;
		};
/* End PBXResourcesBuildPhase section */

/* Begin PBXSourcesBuildPhase section */
		495B9AF8283AFB640018DAB8 /* Sources */ = {
			isa = PBXSourcesBuildPhase;
			buildActionMask = 2147483647;
			files = (
				495B9B3E283C18820018DAB8 /* Interpolator.swift in Sources */,
				495B9B3B283C16540018DAB8 /* SaturatedRegionLine.swift in Sources */,
				495B9B04283AFB640018DAB8 /* ViewController.swift in Sources */,
				495B9B00283AFB640018DAB8 /* AppDelegate.swift in Sources */,
				495B9B34283B1FED0018DAB8 /* ThermodynamicCalculator.swift in Sources */,
				495B9B45283C21D20018DAB8 /* SuperheatedRegionCalculatorConstants.swift in Sources */,
				495B9B02283AFB640018DAB8 /* SceneDelegate.swift in Sources */,
				495B9B36283B20900018DAB8 /* PlotPoint.swift in Sources */,
				495B9B43283C21C60018DAB8 /* SuperheatedRegionCalculator.swift in Sources */,
				495B9B39283C15880018DAB8 /* SaturatedRegionLineConstants.swift in Sources */,
				498B06E9283DB99700D33E52 /* H2OWagnerPruss.swift in Sources */,
				498B06EB283DB9BD00D33E52 /* H2OWagnerPrussConstants.swift in Sources */,
			);
			runOnlyForDeploymentPostprocessing = 0;
		};
		495B9B0E283AFB640018DAB8 /* Sources */ = {
			isa = PBXSourcesBuildPhase;
			buildActionMask = 2147483647;
			files = (
				495B9B47283C23460018DAB8 /* SuperheatedRegionCalculatorTests.swift in Sources */,
				495B9B40283C1E620018DAB8 /* SaturatedRegionLineTests.swift in Sources */,
			);
			runOnlyForDeploymentPostprocessing = 0;
		};
		495B9B18283AFB640018DAB8 /* Sources */ = {
			isa = PBXSourcesBuildPhase;
			buildActionMask = 2147483647;
			files = (
				495B9B21283AFB640018DAB8 /* ClausiusSwiftUITests.swift in Sources */,
				495B9B23283AFB640018DAB8 /* ClausiusSwiftUITestsLaunchTests.swift in Sources */,
			);
			runOnlyForDeploymentPostprocessing = 0;
		};
/* End PBXSourcesBuildPhase section */

/* Begin PBXTargetDependency section */
		495B9B14283AFB640018DAB8 /* PBXTargetDependency */ = {
			isa = PBXTargetDependency;
			target = 495B9AFB283AFB640018DAB8 /* ClausiusSwift */;
			targetProxy = 495B9B13283AFB640018DAB8 /* PBXContainerItemProxy */;
		};
		495B9B1E283AFB640018DAB8 /* PBXTargetDependency */ = {
			isa = PBXTargetDependency;
			target = 495B9AFB283AFB640018DAB8 /* ClausiusSwift */;
			targetProxy = 495B9B1D283AFB640018DAB8 /* PBXContainerItemProxy */;
		};
/* End PBXTargetDependency section */

/* Begin PBXVariantGroup section */
		495B9B0A283AFB640018DAB8 /* LaunchScreen.storyboard */ = {
			isa = PBXVariantGroup;
			children = (
				495B9B0B283AFB640018DAB8 /* Base */,
			);
			name = LaunchScreen.storyboard;
			sourceTree = "<group>";
		};
/* End PBXVariantGroup section */

/* Begin XCBuildConfiguration section */
		495B9B24283AFB640018DAB8 /* Debug */ = {
			isa = XCBuildConfiguration;
			buildSettings = {
				ALWAYS_SEARCH_USER_PATHS = NO;
				CLANG_ANALYZER_NONNULL = YES;
				CLANG_ANALYZER_NUMBER_OBJECT_CONVERSION = YES_AGGRESSIVE;
				CLANG_CXX_LANGUAGE_STANDARD = "gnu++17";
				CLANG_ENABLE_MODULES = YES;
				CLANG_ENABLE_OBJC_ARC = YES;
				CLANG_ENABLE_OBJC_WEAK = YES;
				CLANG_WARN_BLOCK_CAPTURE_AUTORELEASING = YES;
				CLANG_WARN_BOOL_CONVERSION = YES;
				CLANG_WARN_COMMA = YES;
				CLANG_WARN_CONSTANT_CONVERSION = YES;
				CLANG_WARN_DEPRECATED_OBJC_IMPLEMENTATIONS = YES;
				CLANG_WARN_DIRECT_OBJC_ISA_USAGE = YES_ERROR;
				CLANG_WARN_DOCUMENTATION_COMMENTS = YES;
				CLANG_WARN_EMPTY_BODY = YES;
				CLANG_WARN_ENUM_CONVERSION = YES;
				CLANG_WARN_INFINITE_RECURSION = YES;
				CLANG_WARN_INT_CONVERSION = YES;
				CLANG_WARN_NON_LITERAL_NULL_CONVERSION = YES;
				CLANG_WARN_OBJC_IMPLICIT_RETAIN_SELF = YES;
				CLANG_WARN_OBJC_LITERAL_CONVERSION = YES;
				CLANG_WARN_OBJC_ROOT_CLASS = YES_ERROR;
				CLANG_WARN_QUOTED_INCLUDE_IN_FRAMEWORK_HEADER = YES;
				CLANG_WARN_RANGE_LOOP_ANALYSIS = YES;
				CLANG_WARN_STRICT_PROTOTYPES = YES;
				CLANG_WARN_SUSPICIOUS_MOVE = YES;
				CLANG_WARN_UNGUARDED_AVAILABILITY = YES_AGGRESSIVE;
				CLANG_WARN_UNREACHABLE_CODE = YES;
				CLANG_WARN__DUPLICATE_METHOD_MATCH = YES;
				COPY_PHASE_STRIP = NO;
				DEBUG_INFORMATION_FORMAT = dwarf;
				ENABLE_STRICT_OBJC_MSGSEND = YES;
				ENABLE_TESTABILITY = YES;
				GCC_C_LANGUAGE_STANDARD = gnu11;
				GCC_DYNAMIC_NO_PIC = NO;
				GCC_NO_COMMON_BLOCKS = YES;
				GCC_OPTIMIZATION_LEVEL = 0;
				GCC_PREPROCESSOR_DEFINITIONS = (
					"DEBUG=1",
					"$(inherited)",
				);
				GCC_WARN_64_TO_32_BIT_CONVERSION = YES;
				GCC_WARN_ABOUT_RETURN_TYPE = YES_ERROR;
				GCC_WARN_UNDECLARED_SELECTOR = YES;
				GCC_WARN_UNINITIALIZED_AUTOS = YES_AGGRESSIVE;
				GCC_WARN_UNUSED_FUNCTION = YES;
				GCC_WARN_UNUSED_VARIABLE = YES;
				IPHONEOS_DEPLOYMENT_TARGET = 15.4;
				MTL_ENABLE_DEBUG_INFO = INCLUDE_SOURCE;
				MTL_FAST_MATH = YES;
				ONLY_ACTIVE_ARCH = YES;
				SDKROOT = iphoneos;
				SWIFT_ACTIVE_COMPILATION_CONDITIONS = DEBUG;
				SWIFT_OPTIMIZATION_LEVEL = "-Onone";
			};
			name = Debug;
		};
		495B9B25283AFB640018DAB8 /* Release */ = {
			isa = XCBuildConfiguration;
			buildSettings = {
				ALWAYS_SEARCH_USER_PATHS = NO;
				CLANG_ANALYZER_NONNULL = YES;
				CLANG_ANALYZER_NUMBER_OBJECT_CONVERSION = YES_AGGRESSIVE;
				CLANG_CXX_LANGUAGE_STANDARD = "gnu++17";
				CLANG_ENABLE_MODULES = YES;
				CLANG_ENABLE_OBJC_ARC = YES;
				CLANG_ENABLE_OBJC_WEAK = YES;
				CLANG_WARN_BLOCK_CAPTURE_AUTORELEASING = YES;
				CLANG_WARN_BOOL_CONVERSION = YES;
				CLANG_WARN_COMMA = YES;
				CLANG_WARN_CONSTANT_CONVERSION = YES;
				CLANG_WARN_DEPRECATED_OBJC_IMPLEMENTATIONS = YES;
				CLANG_WARN_DIRECT_OBJC_ISA_USAGE = YES_ERROR;
				CLANG_WARN_DOCUMENTATION_COMMENTS = YES;
				CLANG_WARN_EMPTY_BODY = YES;
				CLANG_WARN_ENUM_CONVERSION = YES;
				CLANG_WARN_INFINITE_RECURSION = YES;
				CLANG_WARN_INT_CONVERSION = YES;
				CLANG_WARN_NON_LITERAL_NULL_CONVERSION = YES;
				CLANG_WARN_OBJC_IMPLICIT_RETAIN_SELF = YES;
				CLANG_WARN_OBJC_LITERAL_CONVERSION = YES;
				CLANG_WARN_OBJC_ROOT_CLASS = YES_ERROR;
				CLANG_WARN_QUOTED_INCLUDE_IN_FRAMEWORK_HEADER = YES;
				CLANG_WARN_RANGE_LOOP_ANALYSIS = YES;
				CLANG_WARN_STRICT_PROTOTYPES = YES;
				CLANG_WARN_SUSPICIOUS_MOVE = YES;
				CLANG_WARN_UNGUARDED_AVAILABILITY = YES_AGGRESSIVE;
				CLANG_WARN_UNREACHABLE_CODE = YES;
				CLANG_WARN__DUPLICATE_METHOD_MATCH = YES;
				COPY_PHASE_STRIP = NO;
				DEBUG_INFORMATION_FORMAT = "dwarf-with-dsym";
				ENABLE_NS_ASSERTIONS = NO;
				ENABLE_STRICT_OBJC_MSGSEND = YES;
				GCC_C_LANGUAGE_STANDARD = gnu11;
				GCC_NO_COMMON_BLOCKS = YES;
				GCC_WARN_64_TO_32_BIT_CONVERSION = YES;
				GCC_WARN_ABOUT_RETURN_TYPE = YES_ERROR;
				GCC_WARN_UNDECLARED_SELECTOR = YES;
				GCC_WARN_UNINITIALIZED_AUTOS = YES_AGGRESSIVE;
				GCC_WARN_UNUSED_FUNCTION = YES;
				GCC_WARN_UNUSED_VARIABLE = YES;
				IPHONEOS_DEPLOYMENT_TARGET = 15.4;
				MTL_ENABLE_DEBUG_INFO = NO;
				MTL_FAST_MATH = YES;
				SDKROOT = iphoneos;
				SWIFT_COMPILATION_MODE = wholemodule;
				SWIFT_OPTIMIZATION_LEVEL = "-O";
				VALIDATE_PRODUCT = YES;
			};
			name = Release;
		};
		495B9B27283AFB640018DAB8 /* Debug */ = {
			isa = XCBuildConfiguration;
			buildSettings = {
				ASSETCATALOG_COMPILER_APPICON_NAME = AppIcon;
				ASSETCATALOG_COMPILER_GLOBAL_ACCENT_COLOR_NAME = AccentColor;
				CODE_SIGN_ENTITLEMENTS = ClausiusSwift/ClausiusSwift.entitlements;
				CODE_SIGN_STYLE = Automatic;
				CURRENT_PROJECT_VERSION = 1;
				DEVELOPMENT_TEAM = 5D23XG9N3P;
				GENERATE_INFOPLIST_FILE = YES;
				INFOPLIST_FILE = ClausiusSwift/Info.plist;
				INFOPLIST_KEY_UIApplicationSupportsIndirectInputEvents = YES;
				INFOPLIST_KEY_UILaunchStoryboardName = LaunchScreen;
				INFOPLIST_KEY_UISupportedInterfaceOrientations = "UIInterfaceOrientationLandscapeRight UIInterfaceOrientationLandscapeLeft";
				INFOPLIST_KEY_UISupportedInterfaceOrientations_iPad = "UIInterfaceOrientationPortrait UIInterfaceOrientationPortraitUpsideDown UIInterfaceOrientationLandscapeLeft UIInterfaceOrientationLandscapeRight";
				INFOPLIST_KEY_UISupportedInterfaceOrientations_iPhone = "UIInterfaceOrientationPortrait UIInterfaceOrientationLandscapeLeft UIInterfaceOrientationLandscapeRight";
				LD_RUNPATH_SEARCH_PATHS = (
					"$(inherited)",
					"@executable_path/Frameworks",
				);
				MARKETING_VERSION = 1.0;
				PRODUCT_BUNDLE_IDENTIFIER = com.austincarrig.ClausiusSwift;
				PRODUCT_NAME = "$(TARGET_NAME)";
				SUPPORTS_MACCATALYST = YES;
				SWIFT_EMIT_LOC_STRINGS = YES;
				SWIFT_VERSION = 5.0;
				TARGETED_DEVICE_FAMILY = 2;
			};
			name = Debug;
		};
		495B9B28283AFB640018DAB8 /* Release */ = {
			isa = XCBuildConfiguration;
			buildSettings = {
				ASSETCATALOG_COMPILER_APPICON_NAME = AppIcon;
				ASSETCATALOG_COMPILER_GLOBAL_ACCENT_COLOR_NAME = AccentColor;
				CODE_SIGN_ENTITLEMENTS = ClausiusSwift/ClausiusSwift.entitlements;
				CODE_SIGN_STYLE = Automatic;
				CURRENT_PROJECT_VERSION = 1;
				DEVELOPMENT_TEAM = 5D23XG9N3P;
				GENERATE_INFOPLIST_FILE = YES;
				INFOPLIST_FILE = ClausiusSwift/Info.plist;
				INFOPLIST_KEY_UIApplicationSupportsIndirectInputEvents = YES;
				INFOPLIST_KEY_UILaunchStoryboardName = LaunchScreen;
				INFOPLIST_KEY_UISupportedInterfaceOrientations = "UIInterfaceOrientationLandscapeRight UIInterfaceOrientationLandscapeLeft";
				INFOPLIST_KEY_UISupportedInterfaceOrientations_iPad = "UIInterfaceOrientationPortrait UIInterfaceOrientationPortraitUpsideDown UIInterfaceOrientationLandscapeLeft UIInterfaceOrientationLandscapeRight";
				INFOPLIST_KEY_UISupportedInterfaceOrientations_iPhone = "UIInterfaceOrientationPortrait UIInterfaceOrientationLandscapeLeft UIInterfaceOrientationLandscapeRight";
				LD_RUNPATH_SEARCH_PATHS = (
					"$(inherited)",
					"@executable_path/Frameworks",
				);
				MARKETING_VERSION = 1.0;
				PRODUCT_BUNDLE_IDENTIFIER = com.austincarrig.ClausiusSwift;
				PRODUCT_NAME = "$(TARGET_NAME)";
				SUPPORTS_MACCATALYST = YES;
				SWIFT_EMIT_LOC_STRINGS = YES;
				SWIFT_VERSION = 5.0;
				TARGETED_DEVICE_FAMILY = 2;
			};
			name = Release;
		};
		495B9B2A283AFB640018DAB8 /* Debug */ = {
			isa = XCBuildConfiguration;
			buildSettings = {
				ALWAYS_EMBED_SWIFT_STANDARD_LIBRARIES = YES;
				BUNDLE_LOADER = "$(TEST_HOST)";
				CODE_SIGN_STYLE = Automatic;
				CURRENT_PROJECT_VERSION = 1;
				DEVELOPMENT_TEAM = 5D23XG9N3P;
				GENERATE_INFOPLIST_FILE = YES;
				IPHONEOS_DEPLOYMENT_TARGET = 15.4;
				MARKETING_VERSION = 1.0;
				PRODUCT_BUNDLE_IDENTIFIER = com.austincarrig.ClausiusSwiftTests;
				PRODUCT_NAME = "$(TARGET_NAME)";
				SWIFT_EMIT_LOC_STRINGS = NO;
				SWIFT_VERSION = 5.0;
				TARGETED_DEVICE_FAMILY = "1,2";
				TEST_HOST = "$(BUILT_PRODUCTS_DIR)/ClausiusSwift.app/ClausiusSwift";
			};
			name = Debug;
		};
		495B9B2B283AFB640018DAB8 /* Release */ = {
			isa = XCBuildConfiguration;
			buildSettings = {
				ALWAYS_EMBED_SWIFT_STANDARD_LIBRARIES = YES;
				BUNDLE_LOADER = "$(TEST_HOST)";
				CODE_SIGN_STYLE = Automatic;
				CURRENT_PROJECT_VERSION = 1;
				DEVELOPMENT_TEAM = 5D23XG9N3P;
				GENERATE_INFOPLIST_FILE = YES;
				IPHONEOS_DEPLOYMENT_TARGET = 15.4;
				MARKETING_VERSION = 1.0;
				PRODUCT_BUNDLE_IDENTIFIER = com.austincarrig.ClausiusSwiftTests;
				PRODUCT_NAME = "$(TARGET_NAME)";
				SWIFT_EMIT_LOC_STRINGS = NO;
				SWIFT_VERSION = 5.0;
				TARGETED_DEVICE_FAMILY = "1,2";
				TEST_HOST = "$(BUILT_PRODUCTS_DIR)/ClausiusSwift.app/ClausiusSwift";
			};
			name = Release;
		};
		495B9B2D283AFB640018DAB8 /* Debug */ = {
			isa = XCBuildConfiguration;
			buildSettings = {
				ALWAYS_EMBED_SWIFT_STANDARD_LIBRARIES = YES;
				CODE_SIGN_STYLE = Automatic;
				CURRENT_PROJECT_VERSION = 1;
				DEVELOPMENT_TEAM = 5D23XG9N3P;
				GENERATE_INFOPLIST_FILE = YES;
				MARKETING_VERSION = 1.0;
				PRODUCT_BUNDLE_IDENTIFIER = com.austincarrig.ClausiusSwiftUITests;
				PRODUCT_NAME = "$(TARGET_NAME)";
				SWIFT_EMIT_LOC_STRINGS = NO;
				SWIFT_VERSION = 5.0;
				TARGETED_DEVICE_FAMILY = "1,2";
				TEST_TARGET_NAME = ClausiusSwift;
			};
			name = Debug;
		};
		495B9B2E283AFB640018DAB8 /* Release */ = {
			isa = XCBuildConfiguration;
			buildSettings = {
				ALWAYS_EMBED_SWIFT_STANDARD_LIBRARIES = YES;
				CODE_SIGN_STYLE = Automatic;
				CURRENT_PROJECT_VERSION = 1;
				DEVELOPMENT_TEAM = 5D23XG9N3P;
				GENERATE_INFOPLIST_FILE = YES;
				MARKETING_VERSION = 1.0;
				PRODUCT_BUNDLE_IDENTIFIER = com.austincarrig.ClausiusSwiftUITests;
				PRODUCT_NAME = "$(TARGET_NAME)";
				SWIFT_EMIT_LOC_STRINGS = NO;
				SWIFT_VERSION = 5.0;
				TARGETED_DEVICE_FAMILY = "1,2";
				TEST_TARGET_NAME = ClausiusSwift;
			};
			name = Release;
		};
/* End XCBuildConfiguration section */

/* Begin XCConfigurationList section */
		495B9AF7283AFB640018DAB8 /* Build configuration list for PBXProject "ClausiusSwift" */ = {
			isa = XCConfigurationList;
			buildConfigurations = (
				495B9B24283AFB640018DAB8 /* Debug */,
				495B9B25283AFB640018DAB8 /* Release */,
			);
			defaultConfigurationIsVisible = 0;
			defaultConfigurationName = Release;
		};
		495B9B26283AFB640018DAB8 /* Build configuration list for PBXNativeTarget "ClausiusSwift" */ = {
			isa = XCConfigurationList;
			buildConfigurations = (
				495B9B27283AFB640018DAB8 /* Debug */,
				495B9B28283AFB640018DAB8 /* Release */,
			);
			defaultConfigurationIsVisible = 0;
			defaultConfigurationName = Release;
		};
		495B9B29283AFB640018DAB8 /* Build configuration list for PBXNativeTarget "ClausiusSwiftTests" */ = {
			isa = XCConfigurationList;
			buildConfigurations = (
				495B9B2A283AFB640018DAB8 /* Debug */,
				495B9B2B283AFB640018DAB8 /* Release */,
			);
			defaultConfigurationIsVisible = 0;
			defaultConfigurationName = Release;
		};
		495B9B2C283AFB640018DAB8 /* Build configuration list for PBXNativeTarget "ClausiusSwiftUITests" */ = {
			isa = XCConfigurationList;
			buildConfigurations = (
				495B9B2D283AFB640018DAB8 /* Debug */,
				495B9B2E283AFB640018DAB8 /* Release */,
			);
			defaultConfigurationIsVisible = 0;
			defaultConfigurationName = Release;
		};
/* End XCConfigurationList section */
	};
	rootObject = 495B9AF4283AFB640018DAB8 /* Project object */;
}
