// !$*UTF8*$!
{
	archiveVersion = 1;
	classes = {
	};
	objectVersion = 55;
	objects = {

/* Begin PBXBuildFile section */
		4906A5F52855918100588B21 /* SuperheatedRegionCalculatorConstantsPH.swift in Sources */ = {isa = PBXBuildFile; fileRef = 4906A5F42855918100588B21 /* SuperheatedRegionCalculatorConstantsPH.swift */; };
		4906A5F728559B8C00588B21 /* SuperheatedRegionCalculatorConstantsPV.swift in Sources */ = {isa = PBXBuildFile; fileRef = 4906A5F628559B8C00588B21 /* SuperheatedRegionCalculatorConstantsPV.swift */; };
		4938924F283EBF6E0038D304 /* H2OWagnerPrussTests.swift in Sources */ = {isa = PBXBuildFile; fileRef = 4938924E283EBF6E0038D304 /* H2OWagnerPrussTests.swift */; };
		493EC8D7283EF7E5004C74C3 /* ClausiusConstants.swift in Sources */ = {isa = PBXBuildFile; fileRef = 493EC8D6283EF7E5004C74C3 /* ClausiusConstants.swift */; };
		493EC8D9283EF966004C74C3 /* ThermodynamicCalculatorTests.swift in Sources */ = {isa = PBXBuildFile; fileRef = 493EC8D8283EF966004C74C3 /* ThermodynamicCalculatorTests.swift */; };
		495B9B00283AFB640018DAB8 /* AppDelegate.swift in Sources */ = {isa = PBXBuildFile; fileRef = 495B9AFF283AFB640018DAB8 /* AppDelegate.swift */; };
		495B9B02283AFB640018DAB8 /* SceneDelegate.swift in Sources */ = {isa = PBXBuildFile; fileRef = 495B9B01283AFB640018DAB8 /* SceneDelegate.swift */; };
		495B9B04283AFB640018DAB8 /* MainViewController.swift in Sources */ = {isa = PBXBuildFile; fileRef = 495B9B03283AFB640018DAB8 /* MainViewController.swift */; };
		495B9B21283AFB640018DAB8 /* ClausiusSwiftUITests.swift in Sources */ = {isa = PBXBuildFile; fileRef = 495B9B20283AFB640018DAB8 /* ClausiusSwiftUITests.swift */; };
		495B9B23283AFB640018DAB8 /* ClausiusSwiftUITestsLaunchTests.swift in Sources */ = {isa = PBXBuildFile; fileRef = 495B9B22283AFB640018DAB8 /* ClausiusSwiftUITestsLaunchTests.swift */; };
		495B9B34283B1FED0018DAB8 /* ThermodynamicCalculator.swift in Sources */ = {isa = PBXBuildFile; fileRef = 495B9B33283B1FED0018DAB8 /* ThermodynamicCalculator.swift */; };
		495B9B36283B20900018DAB8 /* PlotPoint.swift in Sources */ = {isa = PBXBuildFile; fileRef = 495B9B35283B20900018DAB8 /* PlotPoint.swift */; };
		495B9B39283C15880018DAB8 /* SaturatedRegionLineConstants.swift in Sources */ = {isa = PBXBuildFile; fileRef = 495B9B38283C15870018DAB8 /* SaturatedRegionLineConstants.swift */; };
		495B9B3B283C16540018DAB8 /* SaturatedRegionLine.swift in Sources */ = {isa = PBXBuildFile; fileRef = 495B9B3A283C16540018DAB8 /* SaturatedRegionLine.swift */; };
		495B9B3E283C18820018DAB8 /* Interpolator.swift in Sources */ = {isa = PBXBuildFile; fileRef = 495B9B3D283C18820018DAB8 /* Interpolator.swift */; };
		495B9B40283C1E620018DAB8 /* SaturatedRegionLineTests.swift in Sources */ = {isa = PBXBuildFile; fileRef = 495B9B3F283C1E620018DAB8 /* SaturatedRegionLineTests.swift */; };
		495B9B43283C21C60018DAB8 /* SuperheatedRegionCalculator.swift in Sources */ = {isa = PBXBuildFile; fileRef = 495B9B42283C21C60018DAB8 /* SuperheatedRegionCalculator.swift */; };
		495B9B45283C21D20018DAB8 /* SuperheatedRegionCalculatorConstantsTS.swift in Sources */ = {isa = PBXBuildFile; fileRef = 495B9B44283C21D20018DAB8 /* SuperheatedRegionCalculatorConstantsTS.swift */; };
		495B9B47283C23460018DAB8 /* SuperheatedRegionCalculatorTests.swift in Sources */ = {isa = PBXBuildFile; fileRef = 495B9B46283C23460018DAB8 /* SuperheatedRegionCalculatorTests.swift */; };
		4988352D2840653000A34A79 /* Assets.xcassets in Resources */ = {isa = PBXBuildFile; fileRef = 4988352C2840653000A34A79 /* Assets.xcassets */; };
		498835322840656900A34A79 /* Water_ph_chart.png in Resources */ = {isa = PBXBuildFile; fileRef = 4988352E2840656900A34A79 /* Water_ph_chart.png */; };
		498835332840656900A34A79 /* Legend.png in Resources */ = {isa = PBXBuildFile; fileRef = 4988352F2840656900A34A79 /* Legend.png */; };
		498835342840656900A34A79 /* Water_pv_chart.png in Resources */ = {isa = PBXBuildFile; fileRef = 498835302840656900A34A79 /* Water_pv_chart.png */; };
		498835352840656900A34A79 /* Water_ts_chart.png in Resources */ = {isa = PBXBuildFile; fileRef = 498835312840656900A34A79 /* Water_ts_chart.png */; };
		498835382840668300A34A79 /* LocationIndicatorImageView.swift in Sources */ = {isa = PBXBuildFile; fileRef = 498835372840668300A34A79 /* LocationIndicatorImageView.swift */; };
		4988353B284067B900A34A79 /* Chart.swift in Sources */ = {isa = PBXBuildFile; fileRef = 4988353A284067B900A34A79 /* Chart.swift */; };
		4988353D2840685500A34A79 /* Axis.swift in Sources */ = {isa = PBXBuildFile; fileRef = 4988353C2840685500A34A79 /* Axis.swift */; };
		498B06E9283DB99700D33E52 /* H2OWagnerPruss.swift in Sources */ = {isa = PBXBuildFile; fileRef = 498B06E8283DB99700D33E52 /* H2OWagnerPruss.swift */; };
		498B06EB283DB9BD00D33E52 /* H2OWagnerPrussConstants.swift in Sources */ = {isa = PBXBuildFile; fileRef = 498B06EA283DB9BD00D33E52 /* H2OWagnerPrussConstants.swift */; };
		498F0E9B284BFBD80007EC86 /* SpaceController.swift in Sources */ = {isa = PBXBuildFile; fileRef = 498F0E9A284BFBD80007EC86 /* SpaceController.swift */; };
		49BC3BD42849500C00402D18 /* DisplayViewRow.swift in Sources */ = {isa = PBXBuildFile; fileRef = 49BC3BD32849500C00402D18 /* DisplayViewRow.swift */; };
		49BC3BD62849A1F000402D18 /* DisplayView.swift in Sources */ = {isa = PBXBuildFile; fileRef = 49BC3BD52849A1F000402D18 /* DisplayView.swift */; };
		49C5CC76285A577C00B8BD88 /* ClausiusFloatyItem.swift in Sources */ = {isa = PBXBuildFile; fileRef = 49C5CC75285A577C00B8BD88 /* ClausiusFloatyItem.swift */; };
		49C5CC78285A585E00B8BD88 /* ClausiusFloaty.swift in Sources */ = {isa = PBXBuildFile; fileRef = 49C5CC77285A585E00B8BD88 /* ClausiusFloaty.swift */; };
		49C7800128411D090049F1B2 /* CommonEnumerations.swift in Sources */ = {isa = PBXBuildFile; fileRef = 49C7800028411D090049F1B2 /* CommonEnumerations.swift */; };
		49C7800328411D270049F1B2 /* ClausiusErrors.swift in Sources */ = {isa = PBXBuildFile; fileRef = 49C7800228411D270049F1B2 /* ClausiusErrors.swift */; };
		49C78006284121EA0049F1B2 /* SnapKit in Frameworks */ = {isa = PBXBuildFile; productRef = 49C78005284121EA0049F1B2 /* SnapKit */; };
		49C7800828413A100049F1B2 /* ChartLines.swift in Sources */ = {isa = PBXBuildFile; fileRef = 49C7800728413A100049F1B2 /* ChartLines.swift */; };
		49DC9C062858FBDD005DEE56 /* SwiftyBeaver in Frameworks */ = {isa = PBXBuildFile; productRef = 49DC9C052858FBDD005DEE56 /* SwiftyBeaver */; };
		49DC9C102859052C005DEE56 /* FloatyDelegate.swift in Sources */ = {isa = PBXBuildFile; fileRef = 49DC9C092859052C005DEE56 /* FloatyDelegate.swift */; };
		49DC9C112859052C005DEE56 /* FloatyItem.swift in Sources */ = {isa = PBXBuildFile; fileRef = 49DC9C0A2859052C005DEE56 /* FloatyItem.swift */; };
		49DC9C122859052C005DEE56 /* FloatyManager.swift in Sources */ = {isa = PBXBuildFile; fileRef = 49DC9C0B2859052C005DEE56 /* FloatyManager.swift */; };
		49DC9C132859052C005DEE56 /* Floaty.swift in Sources */ = {isa = PBXBuildFile; fileRef = 49DC9C0C2859052C005DEE56 /* Floaty.swift */; };
		49F9900528481FF1003107FE /* ClausiusColor.swift in Sources */ = {isa = PBXBuildFile; fileRef = 49F9900428481FF1003107FE /* ClausiusColor.swift */; };
/* End PBXBuildFile section */

/* Begin PBXContainerItemProxy section */
		495B9B13283AFB640018DAB8 /* PBXContainerItemProxy */ = {
			isa = PBXContainerItemProxy;
			containerPortal = 495B9AF4283AFB640018DAB8 /* Project object */;
			proxyType = 1;
			remoteGlobalIDString = 495B9AFB283AFB640018DAB8;
			remoteInfo = ClausiusSwift;
		};
		495B9B1D283AFB640018DAB8 /* PBXContainerItemProxy */ = {
			isa = PBXContainerItemProxy;
			containerPortal = 495B9AF4283AFB640018DAB8 /* Project object */;
			proxyType = 1;
			remoteGlobalIDString = 495B9AFB283AFB640018DAB8;
			remoteInfo = ClausiusSwift;
		};
/* End PBXContainerItemProxy section */

/* Begin PBXFileReference section */
		4906A5F42855918100588B21 /* SuperheatedRegionCalculatorConstantsPH.swift */ = {isa = PBXFileReference; lastKnownFileType = sourcecode.swift; path = SuperheatedRegionCalculatorConstantsPH.swift; sourceTree = "<group>"; };
		4906A5F628559B8C00588B21 /* SuperheatedRegionCalculatorConstantsPV.swift */ = {isa = PBXFileReference; lastKnownFileType = sourcecode.swift; path = SuperheatedRegionCalculatorConstantsPV.swift; sourceTree = "<group>"; };
		4938924E283EBF6E0038D304 /* H2OWagnerPrussTests.swift */ = {isa = PBXFileReference; lastKnownFileType = sourcecode.swift; path = H2OWagnerPrussTests.swift; sourceTree = "<group>"; };
		493EC8D6283EF7E5004C74C3 /* ClausiusConstants.swift */ = {isa = PBXFileReference; lastKnownFileType = sourcecode.swift; path = ClausiusConstants.swift; sourceTree = "<group>"; };
		493EC8D8283EF966004C74C3 /* ThermodynamicCalculatorTests.swift */ = {isa = PBXFileReference; lastKnownFileType = sourcecode.swift; path = ThermodynamicCalculatorTests.swift; sourceTree = "<group>"; };
		495B9AFC283AFB640018DAB8 /* ClausiusSwift.app */ = {isa = PBXFileReference; explicitFileType = wrapper.application; includeInIndex = 0; path = ClausiusSwift.app; sourceTree = BUILT_PRODUCTS_DIR; };
		495B9AFF283AFB640018DAB8 /* AppDelegate.swift */ = {isa = PBXFileReference; lastKnownFileType = sourcecode.swift; path = AppDelegate.swift; sourceTree = "<group>"; };
		495B9B01283AFB640018DAB8 /* SceneDelegate.swift */ = {isa = PBXFileReference; lastKnownFileType = sourcecode.swift; path = SceneDelegate.swift; sourceTree = "<group>"; };
		495B9B03283AFB640018DAB8 /* MainViewController.swift */ = {isa = PBXFileReference; lastKnownFileType = sourcecode.swift; path = MainViewController.swift; sourceTree = "<group>"; };
		495B9B0D283AFB640018DAB8 /* Info.plist */ = {isa = PBXFileReference; lastKnownFileType = text.plist.xml; path = Info.plist; sourceTree = "<group>"; };
		495B9B12283AFB640018DAB8 /* ClausiusSwiftTests.xctest */ = {isa = PBXFileReference; explicitFileType = wrapper.cfbundle; includeInIndex = 0; path = ClausiusSwiftTests.xctest; sourceTree = BUILT_PRODUCTS_DIR; };
		495B9B1C283AFB640018DAB8 /* ClausiusSwiftUITests.xctest */ = {isa = PBXFileReference; explicitFileType = wrapper.cfbundle; includeInIndex = 0; path = ClausiusSwiftUITests.xctest; sourceTree = BUILT_PRODUCTS_DIR; };
		495B9B20283AFB640018DAB8 /* ClausiusSwiftUITests.swift */ = {isa = PBXFileReference; lastKnownFileType = sourcecode.swift; path = ClausiusSwiftUITests.swift; sourceTree = "<group>"; };
		495B9B22283AFB640018DAB8 /* ClausiusSwiftUITestsLaunchTests.swift */ = {isa = PBXFileReference; lastKnownFileType = sourcecode.swift; path = ClausiusSwiftUITestsLaunchTests.swift; sourceTree = "<group>"; };
		495B9B2F283AFB6A0018DAB8 /* ClausiusSwift.entitlements */ = {isa = PBXFileReference; lastKnownFileType = text.plist.entitlements; path = ClausiusSwift.entitlements; sourceTree = "<group>"; };
		495B9B33283B1FED0018DAB8 /* ThermodynamicCalculator.swift */ = {isa = PBXFileReference; lastKnownFileType = sourcecode.swift; path = ThermodynamicCalculator.swift; sourceTree = "<group>"; };
		495B9B35283B20900018DAB8 /* PlotPoint.swift */ = {isa = PBXFileReference; lastKnownFileType = sourcecode.swift; path = PlotPoint.swift; sourceTree = "<group>"; };
		495B9B38283C15870018DAB8 /* SaturatedRegionLineConstants.swift */ = {isa = PBXFileReference; lastKnownFileType = sourcecode.swift; path = SaturatedRegionLineConstants.swift; sourceTree = "<group>"; };
		495B9B3A283C16540018DAB8 /* SaturatedRegionLine.swift */ = {isa = PBXFileReference; lastKnownFileType = sourcecode.swift; path = SaturatedRegionLine.swift; sourceTree = "<group>"; };
		495B9B3D283C18820018DAB8 /* Interpolator.swift */ = {isa = PBXFileReference; lastKnownFileType = sourcecode.swift; path = Interpolator.swift; sourceTree = "<group>"; };
		495B9B3F283C1E620018DAB8 /* SaturatedRegionLineTests.swift */ = {isa = PBXFileReference; lastKnownFileType = sourcecode.swift; path = SaturatedRegionLineTests.swift; sourceTree = "<group>"; };
		495B9B42283C21C60018DAB8 /* SuperheatedRegionCalculator.swift */ = {isa = PBXFileReference; lastKnownFileType = sourcecode.swift; path = SuperheatedRegionCalculator.swift; sourceTree = "<group>"; };
		495B9B44283C21D20018DAB8 /* SuperheatedRegionCalculatorConstantsTS.swift */ = {isa = PBXFileReference; lastKnownFileType = sourcecode.swift; path = SuperheatedRegionCalculatorConstantsTS.swift; sourceTree = "<group>"; };
		495B9B46283C23460018DAB8 /* SuperheatedRegionCalculatorTests.swift */ = {isa = PBXFileReference; lastKnownFileType = sourcecode.swift; path = SuperheatedRegionCalculatorTests.swift; sourceTree = "<group>"; };
		4988352C2840653000A34A79 /* Assets.xcassets */ = {isa = PBXFileReference; lastKnownFileType = folder.assetcatalog; path = Assets.xcassets; sourceTree = "<group>"; };
		4988352E2840656900A34A79 /* Water_ph_chart.png */ = {isa = PBXFileReference; lastKnownFileType = image.png; path = Water_ph_chart.png; sourceTree = "<group>"; };
		4988352F2840656900A34A79 /* Legend.png */ = {isa = PBXFileReference; lastKnownFileType = image.png; path = Legend.png; sourceTree = "<group>"; };
		498835302840656900A34A79 /* Water_pv_chart.png */ = {isa = PBXFileReference; lastKnownFileType = image.png; path = Water_pv_chart.png; sourceTree = "<group>"; };
		498835312840656900A34A79 /* Water_ts_chart.png */ = {isa = PBXFileReference; lastKnownFileType = image.png; path = Water_ts_chart.png; sourceTree = "<group>"; };
		498835372840668300A34A79 /* LocationIndicatorImageView.swift */ = {isa = PBXFileReference; lastKnownFileType = sourcecode.swift; path = LocationIndicatorImageView.swift; sourceTree = "<group>"; };
		4988353A284067B900A34A79 /* Chart.swift */ = {isa = PBXFileReference; lastKnownFileType = sourcecode.swift; path = Chart.swift; sourceTree = "<group>"; };
		4988353C2840685500A34A79 /* Axis.swift */ = {isa = PBXFileReference; lastKnownFileType = sourcecode.swift; path = Axis.swift; sourceTree = "<group>"; };
		498B06E8283DB99700D33E52 /* H2OWagnerPruss.swift */ = {isa = PBXFileReference; lastKnownFileType = sourcecode.swift; path = H2OWagnerPruss.swift; sourceTree = "<group>"; };
		498B06EA283DB9BD00D33E52 /* H2OWagnerPrussConstants.swift */ = {isa = PBXFileReference; lastKnownFileType = sourcecode.swift; path = H2OWagnerPrussConstants.swift; sourceTree = "<group>"; };
		498F0E9A284BFBD80007EC86 /* SpaceController.swift */ = {isa = PBXFileReference; lastKnownFileType = sourcecode.swift; path = SpaceController.swift; sourceTree = "<group>"; };
		49BC3BD32849500C00402D18 /* DisplayViewRow.swift */ = {isa = PBXFileReference; lastKnownFileType = sourcecode.swift; path = DisplayViewRow.swift; sourceTree = "<group>"; };
		49BC3BD52849A1F000402D18 /* DisplayView.swift */ = {isa = PBXFileReference; lastKnownFileType = sourcecode.swift; path = DisplayView.swift; sourceTree = "<group>"; };
		49C5CC75285A577C00B8BD88 /* ClausiusFloatyItem.swift */ = {isa = PBXFileReference; lastKnownFileType = sourcecode.swift; path = ClausiusFloatyItem.swift; sourceTree = "<group>"; };
		49C5CC77285A585E00B8BD88 /* ClausiusFloaty.swift */ = {isa = PBXFileReference; lastKnownFileType = sourcecode.swift; path = ClausiusFloaty.swift; sourceTree = "<group>"; };
		49C7800028411D090049F1B2 /* CommonEnumerations.swift */ = {isa = PBXFileReference; lastKnownFileType = sourcecode.swift; path = CommonEnumerations.swift; sourceTree = "<group>"; };
		49C7800228411D270049F1B2 /* ClausiusErrors.swift */ = {isa = PBXFileReference; lastKnownFileType = sourcecode.swift; path = ClausiusErrors.swift; sourceTree = "<group>"; };
		49C7800728413A100049F1B2 /* ChartLines.swift */ = {isa = PBXFileReference; lastKnownFileType = sourcecode.swift; path = ChartLines.swift; sourceTree = "<group>"; };
		49DC9C092859052C005DEE56 /* FloatyDelegate.swift */ = {isa = PBXFileReference; fileEncoding = 4; lastKnownFileType = sourcecode.swift; path = FloatyDelegate.swift; sourceTree = "<group>"; };
		49DC9C0A2859052C005DEE56 /* FloatyItem.swift */ = {isa = PBXFileReference; fileEncoding = 4; lastKnownFileType = sourcecode.swift; path = FloatyItem.swift; sourceTree = "<group>"; };
		49DC9C0B2859052C005DEE56 /* FloatyManager.swift */ = {isa = PBXFileReference; fileEncoding = 4; lastKnownFileType = sourcecode.swift; path = FloatyManager.swift; sourceTree = "<group>"; };
		49DC9C0C2859052C005DEE56 /* Floaty.swift */ = {isa = PBXFileReference; fileEncoding = 4; lastKnownFileType = sourcecode.swift; path = Floaty.swift; sourceTree = "<group>"; };
		49F9900428481FF1003107FE /* ClausiusColor.swift */ = {isa = PBXFileReference; lastKnownFileType = sourcecode.swift; path = ClausiusColor.swift; sourceTree = "<group>"; };
/* End PBXFileReference section */

/* Begin PBXFrameworksBuildPhase section */
		495B9AF9283AFB640018DAB8 /* Frameworks */ = {
			isa = PBXFrameworksBuildPhase;
			buildActionMask = 2147483647;
			files = (
				49C78006284121EA0049F1B2 /* SnapKit in Frameworks */,
				49DC9C062858FBDD005DEE56 /* SwiftyBeaver in Frameworks */,
			);
			runOnlyForDeploymentPostprocessing = 0;
		};
		495B9B0F283AFB640018DAB8 /* Frameworks */ = {
			isa = PBXFrameworksBuildPhase;
			buildActionMask = 2147483647;
			files = (
			);
			runOnlyForDeploymentPostprocessing = 0;
		};
		495B9B19283AFB640018DAB8 /* Frameworks */ = {
			isa = PBXFrameworksBuildPhase;
			buildActionMask = 2147483647;
			files = (
			);
			runOnlyForDeploymentPostprocessing = 0;
		};
/* End PBXFrameworksBuildPhase section */

/* Begin PBXGroup section */
		495B9AF3283AFB640018DAB8 = {
			isa = PBXGroup;
			children = (
				495B9AFE283AFB640018DAB8 /* ClausiusSwift */,
				495B9B15283AFB640018DAB8 /* ClausiusSwiftTests */,
				495B9B1F283AFB640018DAB8 /* ClausiusSwiftUITests */,
				495B9AFD283AFB640018DAB8 /* Products */,
			);
			sourceTree = "<group>";
		};
		495B9AFD283AFB640018DAB8 /* Products */ = {
			isa = PBXGroup;
			children = (
				495B9AFC283AFB640018DAB8 /* ClausiusSwift.app */,
				495B9B12283AFB640018DAB8 /* ClausiusSwiftTests.xctest */,
				495B9B1C283AFB640018DAB8 /* ClausiusSwiftUITests.xctest */,
			);
			name = Products;
			sourceTree = "<group>";
		};
		495B9AFE283AFB640018DAB8 /* ClausiusSwift */ = {
			isa = PBXGroup;
			children = (
				495B9B2F283AFB6A0018DAB8 /* ClausiusSwift.entitlements */,
				495B9AFF283AFB640018DAB8 /* AppDelegate.swift */,
				495B9B01283AFB640018DAB8 /* SceneDelegate.swift */,
				495B9B0D283AFB640018DAB8 /* Info.plist */,
				49C77FFF28411CF00049F1B2 /* Common */,
				495B9B31283AFC100018DAB8 /* Controller */,
				4988352B284064F600A34A79 /* Images */,
				495B9B32283AFDC40018DAB8 /* Model */,
				498835362840664700A34A79 /* View */,
			);
			path = ClausiusSwift;
			sourceTree = "<group>";
		};
		495B9B15283AFB640018DAB8 /* ClausiusSwiftTests */ = {
			isa = PBXGroup;
			children = (
				495B9B3F283C1E620018DAB8 /* SaturatedRegionLineTests.swift */,
				495B9B46283C23460018DAB8 /* SuperheatedRegionCalculatorTests.swift */,
				4938924E283EBF6E0038D304 /* H2OWagnerPrussTests.swift */,
				493EC8D8283EF966004C74C3 /* ThermodynamicCalculatorTests.swift */,
			);
			path = ClausiusSwiftTests;
			sourceTree = "<group>";
		};
		495B9B1F283AFB640018DAB8 /* ClausiusSwiftUITests */ = {
			isa = PBXGroup;
			children = (
				495B9B20283AFB640018DAB8 /* ClausiusSwiftUITests.swift */,
				495B9B22283AFB640018DAB8 /* ClausiusSwiftUITestsLaunchTests.swift */,
			);
			path = ClausiusSwiftUITests;
			sourceTree = "<group>";
		};
		495B9B31283AFC100018DAB8 /* Controller */ = {
			isa = PBXGroup;
			children = (
				495B9B03283AFB640018DAB8 /* MainViewController.swift */,
			);
			path = Controller;
			sourceTree = "<group>";
		};
		495B9B32283AFDC40018DAB8 /* Model */ = {
			isa = PBXGroup;
			children = (
				498835392840679800A34A79 /* Chart */,
				498B06E7283DB96D00D33E52 /* H2OWagnerPruss */,
				495B9B37283C156F0018DAB8 /* SaturatedRegionLine */,
				495B9B41283C21A60018DAB8 /* SuperheatedRegionCalculator */,
				495B9B3C283C18770018DAB8 /* Utilities */,
				495B9B33283B1FED0018DAB8 /* ThermodynamicCalculator.swift */,
				495B9B35283B20900018DAB8 /* PlotPoint.swift */,
				498F0E9A284BFBD80007EC86 /* SpaceController.swift */,
			);
			path = Model;
			sourceTree = "<group>";
		};
		495B9B37283C156F0018DAB8 /* SaturatedRegionLine */ = {
			isa = PBXGroup;
			children = (
				495B9B38283C15870018DAB8 /* SaturatedRegionLineConstants.swift */,
				495B9B3A283C16540018DAB8 /* SaturatedRegionLine.swift */,
			);
			path = SaturatedRegionLine;
			sourceTree = "<group>";
		};
		495B9B3C283C18770018DAB8 /* Utilities */ = {
			isa = PBXGroup;
			children = (
				495B9B3D283C18820018DAB8 /* Interpolator.swift */,
				493EC8D6283EF7E5004C74C3 /* ClausiusConstants.swift */,
			);
			path = Utilities;
			sourceTree = "<group>";
		};
		495B9B41283C21A60018DAB8 /* SuperheatedRegionCalculator */ = {
			isa = PBXGroup;
			children = (
				495B9B44283C21D20018DAB8 /* SuperheatedRegionCalculatorConstantsTS.swift */,
				495B9B42283C21C60018DAB8 /* SuperheatedRegionCalculator.swift */,
				4906A5F42855918100588B21 /* SuperheatedRegionCalculatorConstantsPH.swift */,
				4906A5F628559B8C00588B21 /* SuperheatedRegionCalculatorConstantsPV.swift */,
			);
			path = SuperheatedRegionCalculator;
			sourceTree = "<group>";
		};
		4988352B284064F600A34A79 /* Images */ = {
			isa = PBXGroup;
			children = (
				4988352C2840653000A34A79 /* Assets.xcassets */,
				4988352F2840656900A34A79 /* Legend.png */,
				4988352E2840656900A34A79 /* Water_ph_chart.png */,
				498835302840656900A34A79 /* Water_pv_chart.png */,
				498835312840656900A34A79 /* Water_ts_chart.png */,
			);
			path = Images;
			sourceTree = "<group>";
		};
		498835362840664700A34A79 /* View */ = {
			isa = PBXGroup;
			children = (
				49DC9C08285904EE005DEE56 /* Floaty */,
				498835372840668300A34A79 /* LocationIndicatorImageView.swift */,
				49BC3BD32849500C00402D18 /* DisplayViewRow.swift */,
				49BC3BD52849A1F000402D18 /* DisplayView.swift */,
			);
			path = View;
			sourceTree = "<group>";
		};
		498835392840679800A34A79 /* Chart */ = {
			isa = PBXGroup;
			children = (
				4988353A284067B900A34A79 /* Chart.swift */,
				4988353C2840685500A34A79 /* Axis.swift */,
				49C7800728413A100049F1B2 /* ChartLines.swift */,
			);
			path = Chart;
			sourceTree = "<group>";
		};
		498B06E7283DB96D00D33E52 /* H2OWagnerPruss */ = {
			isa = PBXGroup;
			children = (
				498B06E8283DB99700D33E52 /* H2OWagnerPruss.swift */,
				498B06EA283DB9BD00D33E52 /* H2OWagnerPrussConstants.swift */,
			);
			path = H2OWagnerPruss;
			sourceTree = "<group>";
		};
		49C77FFF28411CF00049F1B2 /* Common */ = {
			isa = PBXGroup;
			children = (
				49C7800028411D090049F1B2 /* CommonEnumerations.swift */,
				49C7800228411D270049F1B2 /* ClausiusErrors.swift */,
				49F9900428481FF1003107FE /* ClausiusColor.swift */,
			);
			path = Common;
			sourceTree = "<group>";
		};
		49DC9C08285904EE005DEE56 /* Floaty */ = {
			isa = PBXGroup;
			children = (
				49DC9C0C2859052C005DEE56 /* Floaty.swift */,
				49DC9C092859052C005DEE56 /* FloatyDelegate.swift */,
				49DC9C0A2859052C005DEE56 /* FloatyItem.swift */,
				49DC9C0B2859052C005DEE56 /* FloatyManager.swift */,
				49C5CC75285A577C00B8BD88 /* ClausiusFloatyItem.swift */,
				49C5CC77285A585E00B8BD88 /* ClausiusFloaty.swift */,
			);
			path = Floaty;
			sourceTree = "<group>";
		};
/* End PBXGroup section */

/* Begin PBXNativeTarget section */
		495B9AFB283AFB640018DAB8 /* ClausiusSwift */ = {
			isa = PBXNativeTarget;
			buildConfigurationList = 495B9B26283AFB640018DAB8 /* Build configuration list for PBXNativeTarget "ClausiusSwift" */;
			buildPhases = (
				495B9AF8283AFB640018DAB8 /* Sources */,
				495B9AF9283AFB640018DAB8 /* Frameworks */,
				495B9AFA283AFB640018DAB8 /* Resources */,
			);
			buildRules = (
			);
			dependencies = (
			);
			name = ClausiusSwift;
			packageProductDependencies = (
				49C78005284121EA0049F1B2 /* SnapKit */,
				49DC9C052858FBDD005DEE56 /* SwiftyBeaver */,
			);
			productName = ClausiusSwift;
			productReference = 495B9AFC283AFB640018DAB8 /* ClausiusSwift.app */;
			productType = "com.apple.product-type.application";
		};
		495B9B11283AFB640018DAB8 /* ClausiusSwiftTests */ = {
			isa = PBXNativeTarget;
			buildConfigurationList = 495B9B29283AFB640018DAB8 /* Build configuration list for PBXNativeTarget "ClausiusSwiftTests" */;
			buildPhases = (
				495B9B0E283AFB640018DAB8 /* Sources */,
				495B9B0F283AFB640018DAB8 /* Frameworks */,
				495B9B10283AFB640018DAB8 /* Resources */,
			);
			buildRules = (
			);
			dependencies = (
				495B9B14283AFB640018DAB8 /* PBXTargetDependency */,
			);
			name = ClausiusSwiftTests;
			productName = ClausiusSwiftTests;
			productReference = 495B9B12283AFB640018DAB8 /* ClausiusSwiftTests.xctest */;
			productType = "com.apple.product-type.bundle.unit-test";
		};
		495B9B1B283AFB640018DAB8 /* ClausiusSwiftUITests */ = {
			isa = PBXNativeTarget;
			buildConfigurationList = 495B9B2C283AFB640018DAB8 /* Build configuration list for PBXNativeTarget "ClausiusSwiftUITests" */;
			buildPhases = (
				495B9B18283AFB640018DAB8 /* Sources */,
				495B9B19283AFB640018DAB8 /* Frameworks */,
				495B9B1A283AFB640018DAB8 /* Resources */,
			);
			buildRules = (
			);
			dependencies = (
				495B9B1E283AFB640018DAB8 /* PBXTargetDependency */,
			);
			name = ClausiusSwiftUITests;
			productName = ClausiusSwiftUITests;
			productReference = 495B9B1C283AFB640018DAB8 /* ClausiusSwiftUITests.xctest */;
			productType = "com.apple.product-type.bundle.ui-testing";
		};
/* End PBXNativeTarget section */

/* Begin PBXProject section */
		495B9AF4283AFB640018DAB8 /* Project object */ = {
			isa = PBXProject;
			attributes = {
				BuildIndependentTargetsInParallel = 1;
				LastSwiftUpdateCheck = 1330;
				LastUpgradeCheck = 1330;
				TargetAttributes = {
					495B9AFB283AFB640018DAB8 = {
						CreatedOnToolsVersion = 13.3;
					};
					495B9B11283AFB640018DAB8 = {
						CreatedOnToolsVersion = 13.3;
						TestTargetID = 495B9AFB283AFB640018DAB8;
					};
					495B9B1B283AFB640018DAB8 = {
						CreatedOnToolsVersion = 13.3;
						TestTargetID = 495B9AFB283AFB640018DAB8;
					};
				};
			};
			buildConfigurationList = 495B9AF7283AFB640018DAB8 /* Build configuration list for PBXProject "ClausiusSwift" */;
			compatibilityVersion = "Xcode 13.0";
			developmentRegion = en;
			hasScannedForEncodings = 0;
			knownRegions = (
				en,
				Base,
			);
			mainGroup = 495B9AF3283AFB640018DAB8;
			packageReferences = (
				49C78004284121EA0049F1B2 /* XCRemoteSwiftPackageReference "SnapKit" */,
				49DC9C042858FBDD005DEE56 /* XCRemoteSwiftPackageReference "SwiftyBeaver" */,
			);
			productRefGroup = 495B9AFD283AFB640018DAB8 /* Products */;
			projectDirPath = "";
			projectRoot = "";
			targets = (
				495B9AFB283AFB640018DAB8 /* ClausiusSwift */,
				495B9B11283AFB640018DAB8 /* ClausiusSwiftTests */,
				495B9B1B283AFB640018DAB8 /* ClausiusSwiftUITests */,
			);
		};
/* End PBXProject section */

/* Begin PBXResourcesBuildPhase section */
		495B9AFA283AFB640018DAB8 /* Resources */ = {
			isa = PBXResourcesBuildPhase;
			buildActionMask = 2147483647;
			files = (
				498835332840656900A34A79 /* Legend.png in Resources */,
				498835342840656900A34A79 /* Water_pv_chart.png in Resources */,
				4988352D2840653000A34A79 /* Assets.xcassets in Resources */,
				498835322840656900A34A79 /* Water_ph_chart.png in Resources */,
				498835352840656900A34A79 /* Water_ts_chart.png in Resources */,
			);
			runOnlyForDeploymentPostprocessing = 0;
		};
		495B9B10283AFB640018DAB8 /* Resources */ = {
			isa = PBXResourcesBuildPhase;
			buildActionMask = 2147483647;
			files = (
			);
			runOnlyForDeploymentPostprocessing = 0;
		};
		495B9B1A283AFB640018DAB8 /* Resources */ = {
			isa = PBXResourcesBuildPhase;
			buildActionMask = 2147483647;
			files = (
			);
			runOnlyForDeploymentPostprocessing = 0;
		};
/* End PBXResourcesBuildPhase section */

/* Begin PBXSourcesBuildPhase section */
		495B9AF8283AFB640018DAB8 /* Sources */ = {
			isa = PBXSourcesBuildPhase;
			buildActionMask = 2147483647;
			files = (
				4988353B284067B900A34A79 /* Chart.swift in Sources */,
				495B9B3E283C18820018DAB8 /* Interpolator.swift in Sources */,
				495B9B3B283C16540018DAB8 /* SaturatedRegionLine.swift in Sources */,
				498835382840668300A34A79 /* LocationIndicatorImageView.swift in Sources */,
				493EC8D7283EF7E5004C74C3 /* ClausiusConstants.swift in Sources */,
				495B9B04283AFB640018DAB8 /* MainViewController.swift in Sources */,
				4988353D2840685500A34A79 /* Axis.swift in Sources */,
				49BC3BD62849A1F000402D18 /* DisplayView.swift in Sources */,
				49DC9C112859052C005DEE56 /* FloatyItem.swift in Sources */,
				49C5CC78285A585E00B8BD88 /* ClausiusFloaty.swift in Sources */,
				495B9B00283AFB640018DAB8 /* AppDelegate.swift in Sources */,
				495B9B34283B1FED0018DAB8 /* ThermodynamicCalculator.swift in Sources */,
				495B9B45283C21D20018DAB8 /* SuperheatedRegionCalculatorConstantsTS.swift in Sources */,
				49F9900528481FF1003107FE /* ClausiusColor.swift in Sources */,
				4906A5F728559B8C00588B21 /* SuperheatedRegionCalculatorConstantsPV.swift in Sources */,
				49C5CC76285A577C00B8BD88 /* ClausiusFloatyItem.swift in Sources */,
				49BC3BD42849500C00402D18 /* DisplayViewRow.swift in Sources */,
				498F0E9B284BFBD80007EC86 /* SpaceController.swift in Sources */,
				495B9B02283AFB640018DAB8 /* SceneDelegate.swift in Sources */,
				49C7800328411D270049F1B2 /* ClausiusErrors.swift in Sources */,
				49DC9C102859052C005DEE56 /* FloatyDelegate.swift in Sources */,
				495B9B36283B20900018DAB8 /* PlotPoint.swift in Sources */,
				495B9B43283C21C60018DAB8 /* SuperheatedRegionCalculator.swift in Sources */,
				495B9B39283C15880018DAB8 /* SaturatedRegionLineConstants.swift in Sources */,
				498B06E9283DB99700D33E52 /* H2OWagnerPruss.swift in Sources */,
				49DC9C132859052C005DEE56 /* Floaty.swift in Sources */,
				4906A5F52855918100588B21 /* SuperheatedRegionCalculatorConstantsPH.swift in Sources */,
				49DC9C122859052C005DEE56 /* FloatyManager.swift in Sources */,
				49C7800828413A100049F1B2 /* ChartLines.swift in Sources */,
				49C7800128411D090049F1B2 /* CommonEnumerations.swift in Sources */,
				498B06EB283DB9BD00D33E52 /* H2OWagnerPrussConstants.swift in Sources */,
			);
			runOnlyForDeploymentPostprocessing = 0;
		};
		495B9B0E283AFB640018DAB8 /* Sources */ = {
			isa = PBXSourcesBuildPhase;
			buildActionMask = 2147483647;
			files = (
				495B9B47283C23460018DAB8 /* SuperheatedRegionCalculatorTests.swift in Sources */,
				4938924F283EBF6E0038D304 /* H2OWagnerPrussTests.swift in Sources */,
				493EC8D9283EF966004C74C3 /* ThermodynamicCalculatorTests.swift in Sources */,
				495B9B40283C1E620018DAB8 /* SaturatedRegionLineTests.swift in Sources */,
			);
			runOnlyForDeploymentPostprocessing = 0;
		};
		495B9B18283AFB640018DAB8 /* Sources */ = {
			isa = PBXSourcesBuildPhase;
			buildActionMask = 2147483647;
			files = (
				495B9B21283AFB640018DAB8 /* ClausiusSwiftUITests.swift in Sources */,
				495B9B23283AFB640018DAB8 /* ClausiusSwiftUITestsLaunchTests.swift in Sources */,
			);
			runOnlyForDeploymentPostprocessing = 0;
		};
/* End PBXSourcesBuildPhase section */

/* Begin PBXTargetDependency section */
		495B9B14283AFB640018DAB8 /* PBXTargetDependency */ = {
			isa = PBXTargetDependency;
			target = 495B9AFB283AFB640018DAB8 /* ClausiusSwift */;
			targetProxy = 495B9B13283AFB640018DAB8 /* PBXContainerItemProxy */;
		};
		495B9B1E283AFB640018DAB8 /* PBXTargetDependency */ = {
			isa = PBXTargetDependency;
			target = 495B9AFB283AFB640018DAB8 /* ClausiusSwift */;
			targetProxy = 495B9B1D283AFB640018DAB8 /* PBXContainerItemProxy */;
		};
/* End PBXTargetDependency section */

/* Begin XCBuildConfiguration section */
		495B9B24283AFB640018DAB8 /* Debug */ = {
			isa = XCBuildConfiguration;
			buildSettings = {
				ALWAYS_SEARCH_USER_PATHS = NO;
				CLANG_ANALYZER_NONNULL = YES;
				CLANG_ANALYZER_NUMBER_OBJECT_CONVERSION = YES_AGGRESSIVE;
				CLANG_CXX_LANGUAGE_STANDARD = "gnu++17";
				CLANG_ENABLE_MODULES = YES;
				CLANG_ENABLE_OBJC_ARC = YES;
				CLANG_ENABLE_OBJC_WEAK = YES;
				CLANG_WARN_BLOCK_CAPTURE_AUTORELEASING = YES;
				CLANG_WARN_BOOL_CONVERSION = YES;
				CLANG_WARN_COMMA = YES;
				CLANG_WARN_CONSTANT_CONVERSION = YES;
				CLANG_WARN_DEPRECATED_OBJC_IMPLEMENTATIONS = YES;
				CLANG_WARN_DIRECT_OBJC_ISA_USAGE = YES_ERROR;
				CLANG_WARN_DOCUMENTATION_COMMENTS = YES;
				CLANG_WARN_EMPTY_BODY = YES;
				CLANG_WARN_ENUM_CONVERSION = YES;
				CLANG_WARN_INFINITE_RECURSION = YES;
				CLANG_WARN_INT_CONVERSION = YES;
				CLANG_WARN_NON_LITERAL_NULL_CONVERSION = YES;
				CLANG_WARN_OBJC_IMPLICIT_RETAIN_SELF = YES;
				CLANG_WARN_OBJC_LITERAL_CONVERSION = YES;
				CLANG_WARN_OBJC_ROOT_CLASS = YES_ERROR;
				CLANG_WARN_QUOTED_INCLUDE_IN_FRAMEWORK_HEADER = YES;
				CLANG_WARN_RANGE_LOOP_ANALYSIS = YES;
				CLANG_WARN_STRICT_PROTOTYPES = YES;
				CLANG_WARN_SUSPICIOUS_MOVE = YES;
				CLANG_WARN_UNGUARDED_AVAILABILITY = YES_AGGRESSIVE;
				CLANG_WARN_UNREACHABLE_CODE = YES;
				CLANG_WARN__DUPLICATE_METHOD_MATCH = YES;
				COPY_PHASE_STRIP = NO;
				DEBUG_INFORMATION_FORMAT = dwarf;
				ENABLE_STRICT_OBJC_MSGSEND = YES;
				ENABLE_TESTABILITY = YES;
				GCC_C_LANGUAGE_STANDARD = gnu11;
				GCC_DYNAMIC_NO_PIC = NO;
				GCC_NO_COMMON_BLOCKS = YES;
				GCC_OPTIMIZATION_LEVEL = 0;
				GCC_PREPROCESSOR_DEFINITIONS = (
					"DEBUG=1",
					"$(inherited)",
				);
				GCC_WARN_64_TO_32_BIT_CONVERSION = YES;
				GCC_WARN_ABOUT_RETURN_TYPE = YES_ERROR;
				GCC_WARN_UNDECLARED_SELECTOR = YES;
				GCC_WARN_UNINITIALIZED_AUTOS = YES_AGGRESSIVE;
				GCC_WARN_UNUSED_FUNCTION = YES;
				GCC_WARN_UNUSED_VARIABLE = YES;
				IPHONEOS_DEPLOYMENT_TARGET = 15.4;
				MTL_ENABLE_DEBUG_INFO = INCLUDE_SOURCE;
				MTL_FAST_MATH = YES;
				ONLY_ACTIVE_ARCH = YES;
				SDKROOT = iphoneos;
				SWIFT_ACTIVE_COMPILATION_CONDITIONS = DEBUG;
				SWIFT_OPTIMIZATION_LEVEL = "-Onone";
			};
			name = Debug;
		};
		495B9B25283AFB640018DAB8 /* Release */ = {
			isa = XCBuildConfiguration;
			buildSettings = {
				ALWAYS_SEARCH_USER_PATHS = NO;
				CLANG_ANALYZER_NONNULL = YES;
				CLANG_ANALYZER_NUMBER_OBJECT_CONVERSION = YES_AGGRESSIVE;
				CLANG_CXX_LANGUAGE_STANDARD = "gnu++17";
				CLANG_ENABLE_MODULES = YES;
				CLANG_ENABLE_OBJC_ARC = YES;
				CLANG_ENABLE_OBJC_WEAK = YES;
				CLANG_WARN_BLOCK_CAPTURE_AUTORELEASING = YES;
				CLANG_WARN_BOOL_CONVERSION = YES;
				CLANG_WARN_COMMA = YES;
				CLANG_WARN_CONSTANT_CONVERSION = YES;
				CLANG_WARN_DEPRECATED_OBJC_IMPLEMENTATIONS = YES;
				CLANG_WARN_DIRECT_OBJC_ISA_USAGE = YES_ERROR;
				CLANG_WARN_DOCUMENTATION_COMMENTS = YES;
				CLANG_WARN_EMPTY_BODY = YES;
				CLANG_WARN_ENUM_CONVERSION = YES;
				CLANG_WARN_INFINITE_RECURSION = YES;
				CLANG_WARN_INT_CONVERSION = YES;
				CLANG_WARN_NON_LITERAL_NULL_CONVERSION = YES;
				CLANG_WARN_OBJC_IMPLICIT_RETAIN_SELF = YES;
				CLANG_WARN_OBJC_LITERAL_CONVERSION = YES;
				CLANG_WARN_OBJC_ROOT_CLASS = YES_ERROR;
				CLANG_WARN_QUOTED_INCLUDE_IN_FRAMEWORK_HEADER = YES;
				CLANG_WARN_RANGE_LOOP_ANALYSIS = YES;
				CLANG_WARN_STRICT_PROTOTYPES = YES;
				CLANG_WARN_SUSPICIOUS_MOVE = YES;
				CLANG_WARN_UNGUARDED_AVAILABILITY = YES_AGGRESSIVE;
				CLANG_WARN_UNREACHABLE_CODE = YES;
				CLANG_WARN__DUPLICATE_METHOD_MATCH = YES;
				COPY_PHASE_STRIP = NO;
				DEBUG_INFORMATION_FORMAT = "dwarf-with-dsym";
				ENABLE_NS_ASSERTIONS = NO;
				ENABLE_STRICT_OBJC_MSGSEND = YES;
				GCC_C_LANGUAGE_STANDARD = gnu11;
				GCC_NO_COMMON_BLOCKS = YES;
				GCC_WARN_64_TO_32_BIT_CONVERSION = YES;
				GCC_WARN_ABOUT_RETURN_TYPE = YES_ERROR;
				GCC_WARN_UNDECLARED_SELECTOR = YES;
				GCC_WARN_UNINITIALIZED_AUTOS = YES_AGGRESSIVE;
				GCC_WARN_UNUSED_FUNCTION = YES;
				GCC_WARN_UNUSED_VARIABLE = YES;
				IPHONEOS_DEPLOYMENT_TARGET = 15.4;
				MTL_ENABLE_DEBUG_INFO = NO;
				MTL_FAST_MATH = YES;
				SDKROOT = iphoneos;
				SWIFT_COMPILATION_MODE = wholemodule;
				SWIFT_OPTIMIZATION_LEVEL = "-O";
				VALIDATE_PRODUCT = YES;
			};
			name = Release;
		};
		495B9B27283AFB640018DAB8 /* Debug */ = {
			isa = XCBuildConfiguration;
			buildSettings = {
				ASSETCATALOG_COMPILER_APPICON_NAME = AppIcon;
				ASSETCATALOG_COMPILER_GLOBAL_ACCENT_COLOR_NAME = "";
				CODE_SIGN_ENTITLEMENTS = ClausiusSwift/ClausiusSwift.entitlements;
				CODE_SIGN_STYLE = Automatic;
				CURRENT_PROJECT_VERSION = 1;
				DEVELOPMENT_TEAM = 5D23XG9N3P;
				GENERATE_INFOPLIST_FILE = YES;
				INFOPLIST_FILE = ClausiusSwift/Info.plist;
				INFOPLIST_KEY_LSApplicationCategoryType = "public.app-category.education";
				INFOPLIST_KEY_UIApplicationSupportsIndirectInputEvents = YES;
				INFOPLIST_KEY_UISupportedInterfaceOrientations = "UIInterfaceOrientationLandscapeRight UIInterfaceOrientationLandscapeLeft";
				INFOPLIST_KEY_UISupportedInterfaceOrientations_iPad = "UIInterfaceOrientationLandscapeLeft UIInterfaceOrientationLandscapeRight";
				INFOPLIST_KEY_UISupportedInterfaceOrientations_iPhone = "UIInterfaceOrientationPortrait UIInterfaceOrientationLandscapeLeft UIInterfaceOrientationLandscapeRight";
				LD_RUNPATH_SEARCH_PATHS = (
					"$(inherited)",
					"@executable_path/Frameworks",
				);
				MARKETING_VERSION = 1.0;
				PRODUCT_BUNDLE_IDENTIFIER = com.austincarrig.ClausiusSwift;
				PRODUCT_NAME = "$(TARGET_NAME)";
				SUPPORTS_MACCATALYST = YES;
				SWIFT_EMIT_LOC_STRINGS = YES;
				SWIFT_VERSION = 5.0;
				TARGETED_DEVICE_FAMILY = 2;
			};
			name = Debug;
		};
		495B9B28283AFB640018DAB8 /* Release */ = {
			isa = XCBuildConfiguration;
			buildSettings = {
				ASSETCATALOG_COMPILER_APPICON_NAME = AppIcon;
				ASSETCATALOG_COMPILER_GLOBAL_ACCENT_COLOR_NAME = "";
				CODE_SIGN_ENTITLEMENTS = ClausiusSwift/ClausiusSwift.entitlements;
				CODE_SIGN_STYLE = Automatic;
				CURRENT_PROJECT_VERSION = 1;
				DEVELOPMENT_TEAM = 5D23XG9N3P;
				GENERATE_INFOPLIST_FILE = YES;
				INFOPLIST_FILE = ClausiusSwift/Info.plist;
				INFOPLIST_KEY_LSApplicationCategoryType = "public.app-category.education";
				INFOPLIST_KEY_UIApplicationSupportsIndirectInputEvents = YES;
				INFOPLIST_KEY_UISupportedInterfaceOrientations = "UIInterfaceOrientationLandscapeRight UIInterfaceOrientationLandscapeLeft";
				INFOPLIST_KEY_UISupportedInterfaceOrientations_iPad = "UIInterfaceOrientationLandscapeLeft UIInterfaceOrientationLandscapeRight";
				INFOPLIST_KEY_UISupportedInterfaceOrientations_iPhone = "UIInterfaceOrientationPortrait UIInterfaceOrientationLandscapeLeft UIInterfaceOrientationLandscapeRight";
				LD_RUNPATH_SEARCH_PATHS = (
					"$(inherited)",
					"@executable_path/Frameworks",
				);
				MARKETING_VERSION = 1.0;
				PRODUCT_BUNDLE_IDENTIFIER = com.austincarrig.ClausiusSwift;
				PRODUCT_NAME = "$(TARGET_NAME)";
				SUPPORTS_MACCATALYST = YES;
				SWIFT_EMIT_LOC_STRINGS = YES;
				SWIFT_VERSION = 5.0;
				TARGETED_DEVICE_FAMILY = 2;
			};
			name = Release;
		};
		495B9B2A283AFB640018DAB8 /* Debug */ = {
			isa = XCBuildConfiguration;
			buildSettings = {
				ALWAYS_EMBED_SWIFT_STANDARD_LIBRARIES = YES;
				BUNDLE_LOADER = "$(TEST_HOST)";
				CODE_SIGN_STYLE = Automatic;
				CURRENT_PROJECT_VERSION = 1;
				DEVELOPMENT_TEAM = 5D23XG9N3P;
				GENERATE_INFOPLIST_FILE = YES;
				IPHONEOS_DEPLOYMENT_TARGET = 15.4;
				MARKETING_VERSION = 1.0;
				PRODUCT_BUNDLE_IDENTIFIER = com.austincarrig.ClausiusSwiftTests;
				PRODUCT_NAME = "$(TARGET_NAME)";
				SWIFT_EMIT_LOC_STRINGS = NO;
				SWIFT_VERSION = 5.0;
				TARGETED_DEVICE_FAMILY = "1,2";
				TEST_HOST = "$(BUILT_PRODUCTS_DIR)/ClausiusSwift.app/ClausiusSwift";
			};
			name = Debug;
		};
		495B9B2B283AFB640018DAB8 /* Release */ = {
			isa = XCBuildConfiguration;
			buildSettings = {
				ALWAYS_EMBED_SWIFT_STANDARD_LIBRARIES = YES;
				BUNDLE_LOADER = "$(TEST_HOST)";
				CODE_SIGN_STYLE = Automatic;
				CURRENT_PROJECT_VERSION = 1;
				DEVELOPMENT_TEAM = 5D23XG9N3P;
				GENERATE_INFOPLIST_FILE = YES;
				IPHONEOS_DEPLOYMENT_TARGET = 15.4;
				MARKETING_VERSION = 1.0;
				PRODUCT_BUNDLE_IDENTIFIER = com.austincarrig.ClausiusSwiftTests;
				PRODUCT_NAME = "$(TARGET_NAME)";
				SWIFT_EMIT_LOC_STRINGS = NO;
				SWIFT_VERSION = 5.0;
				TARGETED_DEVICE_FAMILY = "1,2";
				TEST_HOST = "$(BUILT_PRODUCTS_DIR)/ClausiusSwift.app/ClausiusSwift";
			};
			name = Release;
		};
		495B9B2D283AFB640018DAB8 /* Debug */ = {
			isa = XCBuildConfiguration;
			buildSettings = {
				ALWAYS_EMBED_SWIFT_STANDARD_LIBRARIES = YES;
				CODE_SIGN_STYLE = Automatic;
				CURRENT_PROJECT_VERSION = 1;
				DEVELOPMENT_TEAM = 5D23XG9N3P;
				GENERATE_INFOPLIST_FILE = YES;
				MARKETING_VERSION = 1.0;
				PRODUCT_BUNDLE_IDENTIFIER = com.austincarrig.ClausiusSwiftUITests;
				PRODUCT_NAME = "$(TARGET_NAME)";
				SWIFT_EMIT_LOC_STRINGS = NO;
				SWIFT_VERSION = 5.0;
				TARGETED_DEVICE_FAMILY = "1,2";
				TEST_TARGET_NAME = ClausiusSwift;
			};
			name = Debug;
		};
		495B9B2E283AFB640018DAB8 /* Release */ = {
			isa = XCBuildConfiguration;
			buildSettings = {
				ALWAYS_EMBED_SWIFT_STANDARD_LIBRARIES = YES;
				CODE_SIGN_STYLE = Automatic;
				CURRENT_PROJECT_VERSION = 1;
				DEVELOPMENT_TEAM = 5D23XG9N3P;
				GENERATE_INFOPLIST_FILE = YES;
				MARKETING_VERSION = 1.0;
				PRODUCT_BUNDLE_IDENTIFIER = com.austincarrig.ClausiusSwiftUITests;
				PRODUCT_NAME = "$(TARGET_NAME)";
				SWIFT_EMIT_LOC_STRINGS = NO;
				SWIFT_VERSION = 5.0;
				TARGETED_DEVICE_FAMILY = "1,2";
				TEST_TARGET_NAME = ClausiusSwift;
			};
			name = Release;
		};
/* End XCBuildConfiguration section */

/* Begin XCConfigurationList section */
		495B9AF7283AFB640018DAB8 /* Build configuration list for PBXProject "ClausiusSwift" */ = {
			isa = XCConfigurationList;
			buildConfigurations = (
				495B9B24283AFB640018DAB8 /* Debug */,
				495B9B25283AFB640018DAB8 /* Release */,
			);
			defaultConfigurationIsVisible = 0;
			defaultConfigurationName = Release;
		};
		495B9B26283AFB640018DAB8 /* Build configuration list for PBXNativeTarget "ClausiusSwift" */ = {
			isa = XCConfigurationList;
			buildConfigurations = (
				495B9B27283AFB640018DAB8 /* Debug */,
				495B9B28283AFB640018DAB8 /* Release */,
			);
			defaultConfigurationIsVisible = 0;
			defaultConfigurationName = Release;
		};
		495B9B29283AFB640018DAB8 /* Build configuration list for PBXNativeTarget "ClausiusSwiftTests" */ = {
			isa = XCConfigurationList;
			buildConfigurations = (
				495B9B2A283AFB640018DAB8 /* Debug */,
				495B9B2B283AFB640018DAB8 /* Release */,
			);
			defaultConfigurationIsVisible = 0;
			defaultConfigurationName = Release;
		};
		495B9B2C283AFB640018DAB8 /* Build configuration list for PBXNativeTarget "ClausiusSwiftUITests" */ = {
			isa = XCConfigurationList;
			buildConfigurations = (
				495B9B2D283AFB640018DAB8 /* Debug */,
				495B9B2E283AFB640018DAB8 /* Release */,
			);
			defaultConfigurationIsVisible = 0;
			defaultConfigurationName = Release;
		};
/* End XCConfigurationList section */

/* Begin XCRemoteSwiftPackageReference section */
		49C78004284121EA0049F1B2 /* XCRemoteSwiftPackageReference "SnapKit" */ = {
			isa = XCRemoteSwiftPackageReference;
			repositoryURL = "https://github.com/SnapKit/SnapKit.git";
			requirement = {
				branch = develop;
				kind = branch;
			};
		};
		49DC9C042858FBDD005DEE56 /* XCRemoteSwiftPackageReference "SwiftyBeaver" */ = {
			isa = XCRemoteSwiftPackageReference;
			repositoryURL = "https://github.com/SwiftyBeaver/SwiftyBeaver.git";
			requirement = {
				kind = upToNextMajorVersion;
				minimumVersion = 1.0.0;
			};
		};
/* End XCRemoteSwiftPackageReference section */

/* Begin XCSwiftPackageProductDependency section */
		49C78005284121EA0049F1B2 /* SnapKit */ = {
			isa = XCSwiftPackageProductDependency;
			package = 49C78004284121EA0049F1B2 /* XCRemoteSwiftPackageReference "SnapKit" */;
			productName = SnapKit;
		};
		49DC9C052858FBDD005DEE56 /* SwiftyBeaver */ = {
			isa = XCSwiftPackageProductDependency;
			package = 49DC9C042858FBDD005DEE56 /* XCRemoteSwiftPackageReference "SwiftyBeaver" */;
			productName = SwiftyBeaver;
		};
/* End XCSwiftPackageProductDependency section */
	};
	rootObject = 495B9AF4283AFB640018DAB8 /* Project object */;
}
